<?xml version="1.0" encoding="UTF-8" standalone="yes" ?>
<CodeBlocks_project_file>
	<FileVersion major="1" minor="6" />
	<Project>
		<Option title="Keylogger" />
		<Option pch_mode="2" />
		<Option compiler="gcc" />
		<Build>
			<Target title="Debug">
				<Option output="bin/Debug/Keylogger" prefix_auto="1" extension_auto="1" />
				<Option object_output="obj/Debug/" />
				<Option type="1" />
				<Option compiler="gcc" />
				<Compiler>
					<Add option="-g" />
				</Compiler>
			</Target>
			<Target title="Release">
				<Option output="bin/Release/Keylogger" prefix_auto="1" extension_auto="1" />
				<Option object_output="obj/Release/" />
				<Option type="1" />
				<Option compiler="gcc" />
				<Compiler>
					<Add option="-O2" />
				</Compiler>
				<Linker>
					<Add option="-s" />
				</Linker>
			</Target>
		</Build>
		<Compiler>
			<Add option="-Wall" />
			<Add option="-fexceptions" />
		</Compiler>
		<Unit filename="base64.h" />
		<Unit filename="helper.h" />
		<Unit filename="io.h" />
		<Unit filename="keyconstants.h" />
		<Unit filename="main.cpp" />
		<Unit filename="timer.h" />
		<Extensions>
			<code_completion />
			<envvars />
			<debugger />
			<<<<<<< HEAD
			<lib_finder disable_auto="1" />
			&#x0D;&#x0A;=======&#x0D;&#x0A;&gt;&gt;&gt;&gt;&gt;&gt;&gt; 4f14aba8ad855fd73bd06437edf4007592141be0&#x0D;&#x0A;&#x09;&#x09;
		</Extensions>
	</Project>
</CodeBlocks_project_file>
